
Microsoft Visual Studio Solution File, Format Version 12.00
# Visual Studio Version 16
VisualStudioVersion = 16.0.30621.155
MinimumVisualStudioVersion = 10.0.40219.1
Project("{FAE04EC0-301F-11D3-BF4B-00C04F79EFBC}") = "Championship_of_box", "Championship_of_box\Championship_of_box.csproj", "{5779DA98-B681-42E9-BDE8-C628AD2BD88C}"
EndProject
Global
	GlobalSection(SolutionConfigurationPlatforms) = preSolution
		Debug|Any CPU = Debug|Any CPU
		Release|Any CPU = Release|Any CPU
	EndGlobalSection
	GlobalSection(ProjectConfigurationPlatforms) = postSolution
		{5779DA98-B681-42E9-BDE8-C628AD2BD88C}.Debug|Any CPU.ActiveCfg = Debug|Any CPU
		{5779DA98-B681-42E9-BDE8-C628AD2BD88C}.Debug|Any CPU.Build.0 = Debug|Any CPU
		{5779DA98-B681-42E9-BDE8-C628AD2BD88C}.Release|Any CPU.ActiveCfg = Release|Any CPU
		{5779DA98-B681-42E9-BDE8-C628AD2BD88C}.Release|Any CPU.Build.0 = Release|Any CPU
	EndGlobalSection
	GlobalSection(SolutionProperties) = preSolution
		HideSolutionNode = FALSE
	EndGlobalSection
	GlobalSection(ExtensibilityGlobals) = postSolution
		SolutionGuid = {D1A110F5-7DCC-4D7F-9871-A4D891EF03A7}
	EndGlobalSection
EndGlobal
